
Microsoft Visual Studio Solution File, Format Version 12.00
# Visual Studio Version 16
VisualStudioVersion = 16.0.31729.503
MinimumVisualStudioVersion = 10.0.40219.1
Project("{9A19103F-16F7-4668-BE54-9A1E7A4F7556}") = "CarThing", "CarThing\CarThing.csproj", "{10207C2A-7708-4776-A249-DFA72DEDBE8D}"
EndProject
Project("{FAE04EC0-301F-11D3-BF4B-00C04F79EFBC}") = "CarThing.Tests", "CarThing.Tests\CarThing.Tests.csproj", "{4E7616E9-8AF4-4FD8-B963-8CC1C3894FD4}"
EndProject
Global
	GlobalSection(SolutionConfigurationPlatforms) = preSolution
		Debug|Any CPU = Debug|Any CPU
		Release|Any CPU = Release|Any CPU
	EndGlobalSection
	GlobalSection(ProjectConfigurationPlatforms) = postSolution
		{10207C2A-7708-4776-A249-DFA72DEDBE8D}.Debug|Any CPU.ActiveCfg = Debug|Any CPU
		{10207C2A-7708-4776-A249-DFA72DEDBE8D}.Debug|Any CPU.Build.0 = Debug|Any CPU
		{10207C2A-7708-4776-A249-DFA72DEDBE8D}.Release|Any CPU.ActiveCfg = Release|Any CPU
		{10207C2A-7708-4776-A249-DFA72DEDBE8D}.Release|Any CPU.Build.0 = Release|Any CPU
		{4E7616E9-8AF4-4FD8-B963-8CC1C3894FD4}.Debug|Any CPU.ActiveCfg = Debug|Any CPU
		{4E7616E9-8AF4-4FD8-B963-8CC1C3894FD4}.Debug|Any CPU.Build.0 = Debug|Any CPU
		{4E7616E9-8AF4-4FD8-B963-8CC1C3894FD4}.Release|Any CPU.ActiveCfg = Release|Any CPU
		{4E7616E9-8AF4-4FD8-B963-8CC1C3894FD4}.Release|Any CPU.Build.0 = Release|Any CPU
	EndGlobalSection
	GlobalSection(SolutionProperties) = preSolution
		HideSolutionNode = FALSE
	EndGlobalSection
	GlobalSection(ExtensibilityGlobals) = postSolution
		SolutionGuid = {FB406C0D-8ECF-4D93-8282-9C1A0FBB5084}
	EndGlobalSection
EndGlobal
